
Microsoft Visual Studio Solution File, Format Version 12.00
# Visual Studio Version 17
VisualStudioVersion = 17.14.36623.8
MinimumVisualStudioVersion = 10.0.40219.1
Project("{FAE04EC0-301F-11D3-BF4B-00C04F79EFBC}") = "BOOSEapp", "BOOSEapp\BOOSEapp.csproj", "{AF061DED-5341-46CC-83FD-09BC2A40BABE}"
EndProject
Project("{FAE04EC0-301F-11D3-BF4B-00C04F79EFBC}") = "BOOSETEST", "BOOSETEST\BOOSETEST.csproj", "{119A40E3-BF80-499F-A8BF-BB61AEDD6846}"
EndProject
Global
	GlobalSection(SolutionConfigurationPlatforms) = preSolution
		Debug|Any CPU = Debug|Any CPU
		Release|Any CPU = Release|Any CPU
	EndGlobalSection
	GlobalSection(ProjectConfigurationPlatforms) = postSolution
		{AF061DED-5341-46CC-83FD-09BC2A40BABE}.Debug|Any CPU.ActiveCfg = Debug|Any CPU
		{AF061DED-5341-46CC-83FD-09BC2A40BABE}.Debug|Any CPU.Build.0 = Debug|Any CPU
		{AF061DED-5341-46CC-83FD-09BC2A40BABE}.Release|Any CPU.ActiveCfg = Release|Any CPU
		{AF061DED-5341-46CC-83FD-09BC2A40BABE}.Release|Any CPU.Build.0 = Release|Any CPU
		{119A40E3-BF80-499F-A8BF-BB61AEDD6846}.Debug|Any CPU.ActiveCfg = Debug|Any CPU
		{119A40E3-BF80-499F-A8BF-BB61AEDD6846}.Debug|Any CPU.Build.0 = Debug|Any CPU
		{119A40E3-BF80-499F-A8BF-BB61AEDD6846}.Release|Any CPU.ActiveCfg = Release|Any CPU
		{119A40E3-BF80-499F-A8BF-BB61AEDD6846}.Release|Any CPU.Build.0 = Release|Any CPU
	EndGlobalSection
	GlobalSection(SolutionProperties) = preSolution
		HideSolutionNode = FALSE
	EndGlobalSection
	GlobalSection(ExtensibilityGlobals) = postSolution
		SolutionGuid = {D9AA363A-53A1-412A-AB82-FAD75B167B9A}
	EndGlobalSection
EndGlobal
